
Microsoft Visual Studio Solution File, Format Version 12.00
# Visual Studio Version 16
VisualStudioVersion = 16.0.29025.244
MinimumVisualStudioVersion = 10.0.40219.1
Project("{9A19103F-16F7-4668-BE54-9A1E7A4F7556}") = "CsharpQuizUI", "CsharpQuizUI\CsharpQuizUI.csproj", "{36F084D3-7F6F-45E1-87A7-7E8C95198529}"
EndProject
Project("{FAE04EC0-301F-11D3-BF4B-00C04F79EFBC}") = "QuizLibrary", "QuizLibrary\QuizLibrary.csproj", "{5722B300-9CB4-4908-8B1B-3067B197EB03}"
EndProject
Global
	GlobalSection(SolutionConfigurationPlatforms) = preSolution
		Debug|Any CPU = Debug|Any CPU
		Release|Any CPU = Release|Any CPU
	EndGlobalSection
	GlobalSection(ProjectConfigurationPlatforms) = postSolution
		{36F084D3-7F6F-45E1-87A7-7E8C95198529}.Debug|Any CPU.ActiveCfg = Debug|Any CPU
		{36F084D3-7F6F-45E1-87A7-7E8C95198529}.Debug|Any CPU.Build.0 = Debug|Any CPU
		{36F084D3-7F6F-45E1-87A7-7E8C95198529}.Release|Any CPU.ActiveCfg = Release|Any CPU
		{36F084D3-7F6F-45E1-87A7-7E8C95198529}.Release|Any CPU.Build.0 = Release|Any CPU
		{5722B300-9CB4-4908-8B1B-3067B197EB03}.Debug|Any CPU.ActiveCfg = Debug|Any CPU
		{5722B300-9CB4-4908-8B1B-3067B197EB03}.Debug|Any CPU.Build.0 = Debug|Any CPU
		{5722B300-9CB4-4908-8B1B-3067B197EB03}.Release|Any CPU.ActiveCfg = Release|Any CPU
		{5722B300-9CB4-4908-8B1B-3067B197EB03}.Release|Any CPU.Build.0 = Release|Any CPU
	EndGlobalSection
	GlobalSection(SolutionProperties) = preSolution
		HideSolutionNode = FALSE
	EndGlobalSection
	GlobalSection(ExtensibilityGlobals) = postSolution
		SolutionGuid = {2493C9FB-075E-417F-BCA1-F8DD85616E1A}
	EndGlobalSection
EndGlobal
